
Microsoft Visual Studio Solution File, Format Version 12.00
# Visual Studio Version 17
VisualStudioVersion = 17.8.34511.84
MinimumVisualStudioVersion = 10.0.40219.1
Project("{FAE04EC0-301F-11D3-BF4B-00C04F79EFBC}") = "Teszt3", "Teszt3.csproj", "{ED365D48-AB89-45EA-B538-C5AEF9AAEE9B}"
EndProject
Global
	GlobalSection(SolutionConfigurationPlatforms) = preSolution
		Debug|Any CPU = Debug|Any CPU
		Release|Any CPU = Release|Any CPU
	EndGlobalSection
	GlobalSection(ProjectConfigurationPlatforms) = postSolution
		{ED365D48-AB89-45EA-B538-C5AEF9AAEE9B}.Debug|Any CPU.ActiveCfg = Debug|Any CPU
		{ED365D48-AB89-45EA-B538-C5AEF9AAEE9B}.Debug|Any CPU.Build.0 = Debug|Any CPU
		{ED365D48-AB89-45EA-B538-C5AEF9AAEE9B}.Release|Any CPU.ActiveCfg = Release|Any CPU
		{ED365D48-AB89-45EA-B538-C5AEF9AAEE9B}.Release|Any CPU.Build.0 = Release|Any CPU
	EndGlobalSection
	GlobalSection(SolutionProperties) = preSolution
		HideSolutionNode = FALSE
	EndGlobalSection
	GlobalSection(ExtensibilityGlobals) = postSolution
		SolutionGuid = {97802644-88AB-40B2-86CD-DE45FAAD9EB5}
	EndGlobalSection
EndGlobal
